Microsoft Visual Studio Solution File, Format Version 12.00
# Visual Studio Version 17
VisualStudioVersion = 17.13.35931.197
MinimumVisualStudioVersion = 10.0.40219.1
Project("{FAE04EC0-301F-11D3-BF4B-00C04F79EFBC}") = "seriesAnalyzerProject", "seriesAnalyzerProject.csproj", "{03FBCC3C-BE4E-427A-938E-A421AD20144F}"
EndProject
Global
	GlobalSection(SolutionConfigurationPlatforms) = preSolution
		Debug|Any CPU = Debug|Any CPU
		Release|Any CPU = Release|Any CPU
	EndGlobalSection
	GlobalSection(ProjectConfigurationPlatforms) = postSolution
		{03FBCC3C-BE4E-427A-938E-A421AD20144F}.Debug|Any CPU.ActiveCfg = Debug|Any CPU
		{03FBCC3C-BE4E-427A-938E-A421AD20144F}.Debug|Any CPU.Build.0 = Debug|Any CPU
		{03FBCC3C-BE4E-427A-938E-A421AD20144F}.Release|Any CPU.ActiveCfg = Release|Any CPU
		{03FBCC3C-BE4E-427A-938E-A421AD20144F}.Release|Any CPU.Build.0 = Release|Any CPU
	EndGlobalSection
	GlobalSection(SolutionProperties) = preSolution
		HideSolutionNode = FALSE
	EndGlobalSection
	GlobalSection(ExtensibilityGlobals) = postSolution
		SolutionGuid = {B0679529-5346-4EE3-8AC9-C8AC0E9A2BF8}
	EndGlobalSection
EndGlobal
